
Microsoft Visual Studio Solution File, Format Version 12.00
# Visual Studio 15
VisualStudioVersion = 15.0.28307.902
MinimumVisualStudioVersion = 10.0.40219.1
Project("{FAE04EC0-301F-11D3-BF4B-00C04F79EFBC}") = "Estags.Web", "Estags.Web\Estags.Web.csproj", "{49103C1D-824C-4C56-9C82-21E81D0DDB60}"
EndProject
Global
	GlobalSection(SolutionConfigurationPlatforms) = preSolution
		Debug|Any CPU = Debug|Any CPU
		Release|Any CPU = Release|Any CPU
	EndGlobalSection
	GlobalSection(ProjectConfigurationPlatforms) = postSolution
		{49103C1D-824C-4C56-9C82-21E81D0DDB60}.Debug|Any CPU.ActiveCfg = Debug|Any CPU
		{49103C1D-824C-4C56-9C82-21E81D0DDB60}.Debug|Any CPU.Build.0 = Debug|Any CPU
		{49103C1D-824C-4C56-9C82-21E81D0DDB60}.Release|Any CPU.ActiveCfg = Release|Any CPU
		{49103C1D-824C-4C56-9C82-21E81D0DDB60}.Release|Any CPU.Build.0 = Release|Any CPU
	EndGlobalSection
	GlobalSection(SolutionProperties) = preSolution
		HideSolutionNode = FALSE
	EndGlobalSection
	GlobalSection(ExtensibilityGlobals) = postSolution
		SolutionGuid = {E12A9AC4-A7FB-4EF5-ABEE-BF9239A95956}
	EndGlobalSection
EndGlobal
